{
  "nodes": {
    "nixpkgs": {
      "locked": {
        "lastModified": 1684950836,
        "narHash": "sha256-m7u0gCZYJ7W5ChredLb7Uzlx+r+rLKZc+xNd9YuGwR0=",
        "owner": "NixOS",
        "repo": "nixpkgs",
        "rev": "1eae9f8f1b6a444b15d9037d4b8f2ca7da045a3f",
        "type": "github"
      },
      "original": {
        "owner": "NixOS",
        "repo": "nixpkgs",
        "type": "github"
      }
    },
    "root": {
      "inputs": {
        "nixpkgs": "nixpkgs",
        "treesitter": "treesitter"
      }
    },
    "treesitter": {
      "flake": false,
      "locked": {
        "lastModified": 1684930976,
        "narHash": "sha256-OP75sJUYFOw811kXmQkwCD6uqg5xUNBwn0ktu7KfvTA=",
        "owner": "nvim-treesitter",
        "repo": "nvim-treesitter",
        "rev": "9bef7260449b4ed5e917eda87b6eca6853526329",
        "type": "github"
      },
      "original": {
        "owner": "nvim-treesitter",
        "repo": "nvim-treesitter",
        "type": "github"
      }
    }
  },
  "root": "root",
  "version": 7
}
